// !$*UTF8*$!
{
	archiveVersion = 1;
	classes = {
	};
	objectVersion = 50;
	objects = {

/* Begin PBXBuildFile section */
		914FC52220925E9100F8199B /* Balham.otf in Resources */ = {isa = PBXBuildFile; fileRef = 914FC52120925E9100F8199B /* Balham.otf */; };
		914FC5282092747C00F8199B /* Question.swift in Sources */ = {isa = PBXBuildFile; fileRef = 914FC5272092747C00F8199B /* Question.swift */; };
		914FC52A209279F900F8199B /* Game.swift in Sources */ = {isa = PBXBuildFile; fileRef = 914FC529209279F900F8199B /* Game.swift */; };
		914FC52C20927B5B00F8199B /* QestionManager.swift in Sources */ = {isa = PBXBuildFile; fileRef = 914FC52B20927B5B00F8199B /* QestionManager.swift */; };
		914FC5302093248E00F8199B /* Default-568h@2x.png in Resources */ = {isa = PBXBuildFile; fileRef = 914FC52F2093248E00F8199B /* Default-568h@2x.png */; };
		917AF5172093CCF800505618 /* QuestionView.swift in Sources */ = {isa = PBXBuildFile; fileRef = 917AF5162093CCF800505618 /* QuestionView.swift */; };
		91F13F52209218CB00BB6AC1 /* AppDelegate.swift in Sources */ = {isa = PBXBuildFile; fileRef = 91F13F51209218CB00BB6AC1 /* AppDelegate.swift */; };
		91F13F54209218CB00BB6AC1 /* ViewController.swift in Sources */ = {isa = PBXBuildFile; fileRef = 91F13F53209218CB00BB6AC1 /* ViewController.swift */; };
		91F13F57209218CB00BB6AC1 /* Main.storyboard in Resources */ = {isa = PBXBuildFile; fileRef = 91F13F55209218CB00BB6AC1 /* Main.storyboard */; };
		91F13F59209218CB00BB6AC1 /* Assets.xcassets in Resources */ = {isa = PBXBuildFile; fileRef = 91F13F58209218CB00BB6AC1 /* Assets.xcassets */; };
		91F13F5C209218CB00BB6AC1 /* LaunchScreen.storyboard in Resources */ = {isa = PBXBuildFile; fileRef = 91F13F5A209218CB00BB6AC1 /* LaunchScreen.storyboard */; };
/* End PBXBuildFile section */

/* Begin PBXFileReference section */
		914FC52120925E9100F8199B /* Balham.otf */ = {isa = PBXFileReference; lastKnownFileType = file; path = Balham.otf; sourceTree = "<group>"; };
		914FC5272092747C00F8199B /* Question.swift */ = {isa = PBXFileReference; lastKnownFileType = sourcecode.swift; path = Question.swift; sourceTree = "<group>"; };
		914FC529209279F900F8199B /* Game.swift */ = {isa = PBXFileReference; lastKnownFileType = sourcecode.swift; path = Game.swift; sourceTree = "<group>"; };
		914FC52B20927B5B00F8199B /* QestionManager.swift */ = {isa = PBXFileReference; lastKnownFileType = sourcecode.swift; path = QestionManager.swift; sourceTree = "<group>"; };
		914FC52F2093248E00F8199B /* Default-568h@2x.png */ = {isa = PBXFileReference; lastKnownFileType = image.png; path = "Default-568h@2x.png"; sourceTree = "<group>"; };
		917AF5162093CCF800505618 /* QuestionView.swift */ = {isa = PBXFileReference; lastKnownFileType = sourcecode.swift; path = QuestionView.swift; sourceTree = "<group>"; };
		91F13F4E209218CB00BB6AC1 /* QuizzMvc.app */ = {isa = PBXFileReference; explicitFileType = wrapper.application; includeInIndex = 0; path = QuizzMvc.app; sourceTree = BUILT_PRODUCTS_DIR; };
		91F13F51209218CB00BB6AC1 /* AppDelegate.swift */ = {isa = PBXFileReference; lastKnownFileType = sourcecode.swift; path = AppDelegate.swift; sourceTree = "<group>"; };
		91F13F53209218CB00BB6AC1 /* ViewController.swift */ = {isa = PBXFileReference; lastKnownFileType = sourcecode.swift; path = ViewController.swift; sourceTree = "<group>"; };
		91F13F56209218CB00BB6AC1 /* Base */ = {isa = PBXFileReference; lastKnownFileType = file.storyboard; name = Base; path = Base.lproj/Main.storyboard; sourceTree = "<group>"; };
		91F13F58209218CB00BB6AC1 /* Assets.xcassets */ = {isa = PBXFileReference; lastKnownFileType = folder.assetcatalog; path = Assets.xcassets; sourceTree = "<group>"; };
		91F13F5B209218CB00BB6AC1 /* Base */ = {isa = PBXFileReference; lastKnownFileType = file.storyboard; name = Base; path = Base.lproj/LaunchScreen.storyboard; sourceTree = "<group>"; };
		91F13F5D209218CB00BB6AC1 /* Info.plist */ = {isa = PBXFileReference; lastKnownFileType = text.plist.xml; path = Info.plist; sourceTree = "<group>"; };
/* End PBXFileReference section */

/* Begin PBXFrameworksBuildPhase section */
		91F13F4B209218CB00BB6AC1 /* Frameworks */ = {
			isa = PBXFrameworksBuildPhase;
			buildActionMask = 2147483647;
			files = (
			);
			runOnlyForDeploymentPostprocessing = 0;
		};
/* End PBXFrameworksBuildPhase section */

/* Begin PBXGroup section */
		914FC52320926AA400F8199B /* Model */ = {
			isa = PBXGroup;
			children = (
				914FC5272092747C00F8199B /* Question.swift */,
				914FC529209279F900F8199B /* Game.swift */,
				914FC52B20927B5B00F8199B /* QestionManager.swift */,
			);
			path = Model;
			sourceTree = "<group>";
		};
		914FC52420926AAB00F8199B /* Controller */ = {
			isa = PBXGroup;
			children = (
				91F13F53209218CB00BB6AC1 /* ViewController.swift */,
			);
			path = Controller;
			sourceTree = "<group>";
		};
		914FC52520926ABA00F8199B /* View */ = {
			isa = PBXGroup;
			children = (
				91F13F55209218CB00BB6AC1 /* Main.storyboard */,
				917AF5162093CCF800505618 /* QuestionView.swift */,
			);
			path = View;
			sourceTree = "<group>";
		};
		914FC52620926AC100F8199B /* Supporting Files */ = {
			isa = PBXGroup;
			children = (
				91F13F51209218CB00BB6AC1 /* AppDelegate.swift */,
				91F13F5A209218CB00BB6AC1 /* LaunchScreen.storyboard */,
				914FC52120925E9100F8199B /* Balham.otf */,
				914FC52F2093248E00F8199B /* Default-568h@2x.png */,
				91F13F58209218CB00BB6AC1 /* Assets.xcassets */,
			);
			path = "Supporting Files";
			sourceTree = "<group>";
		};
		91F13F45209218CB00BB6AC1 = {
			isa = PBXGroup;
			children = (
				91F13F50209218CB00BB6AC1 /* QuizzMvc */,
				91F13F4F209218CB00BB6AC1 /* Products */,
			);
			sourceTree = "<group>";
		};
		91F13F4F209218CB00BB6AC1 /* Products */ = {
			isa = PBXGroup;
			children = (
				91F13F4E209218CB00BB6AC1 /* QuizzMvc.app */,
			);
			name = Products;
			sourceTree = "<group>";
		};
		91F13F50209218CB00BB6AC1 /* QuizzMvc */ = {
			isa = PBXGroup;
			children = (
				91F13F5D209218CB00BB6AC1 /* Info.plist */,
				914FC52320926AA400F8199B /* Model */,
				914FC52520926ABA00F8199B /* View */,
				914FC52420926AAB00F8199B /* Controller */,
				914FC52620926AC100F8199B /* Supporting Files */,
			);
			path = QuizzMvc;
			sourceTree = "<group>";
		};
/* End PBXGroup section */

/* Begin PBXNativeTarget section */
		91F13F4D209218CB00BB6AC1 /* QuizzMvc */ = {
			isa = PBXNativeTarget;
			buildConfigurationList = 91F13F60209218CB00BB6AC1 /* Build configuration list for PBXNativeTarget "QuizzMvc" */;
			buildPhases = (
				91F13F4A209218CB00BB6AC1 /* Sources */,
				91F13F4B209218CB00BB6AC1 /* Frameworks */,
				91F13F4C209218CB00BB6AC1 /* Resources */,
			);
			buildRules = (
			);
			dependencies = (
			);
			name = QuizzMvc;
			productName = QuizzMvc;
			productReference = 91F13F4E209218CB00BB6AC1 /* QuizzMvc.app */;
			productType = "com.apple.product-type.application";
		};
/* End PBXNativeTarget section */

/* Begin PBXProject section */
		91F13F46209218CB00BB6AC1 /* Project object */ = {
			isa = PBXProject;
			attributes = {
				LastSwiftUpdateCheck = 0930;
				LastUpgradeCheck = 0930;
				ORGANIZATIONNAME = RabiiBenaata;
				TargetAttributes = {
					91F13F4D209218CB00BB6AC1 = {
						CreatedOnToolsVersion = 9.3;
					};
				};
			};
			buildConfigurationList = 91F13F49209218CB00BB6AC1 /* Build configuration list for PBXProject "QuizzMvc" */;
			compatibilityVersion = "Xcode 9.3";
			developmentRegion = en;
			hasScannedForEncodings = 0;
			knownRegions = (
				en,
				Base,
			);
			mainGroup = 91F13F45209218CB00BB6AC1;
			productRefGroup = 91F13F4F209218CB00BB6AC1 /* Products */;
			projectDirPath = "";
			projectRoot = "";
			targets = (
				91F13F4D209218CB00BB6AC1 /* QuizzMvc */,
			);
		};
/* End PBXProject section */

/* Begin PBXResourcesBuildPhase section */
		91F13F4C209218CB00BB6AC1 /* Resources */ = {
			isa = PBXResourcesBuildPhase;
			buildActionMask = 2147483647;
			files = (
				91F13F5C209218CB00BB6AC1 /* LaunchScreen.storyboard in Resources */,
				91F13F59209218CB00BB6AC1 /* Assets.xcassets in Resources */,
				914FC52220925E9100F8199B /* Balham.otf in Resources */,
				914FC5302093248E00F8199B /* Default-568h@2x.png in Resources */,
				91F13F57209218CB00BB6AC1 /* Main.storyboard in Resources */,
			);
			runOnlyForDeploymentPostprocessing = 0;
		};
/* End PBXResourcesBuildPhase section */

/* Begin PBXSourcesBuildPhase section */
		91F13F4A209218CB00BB6AC1 /* Sources */ = {
			isa = PBXSourcesBuildPhase;
			buildActionMask = 2147483647;
			files = (
				914FC5282092747C00F8199B /* Question.swift in Sources */,
				91F13F54209218CB00BB6AC1 /* ViewController.swift in Sources */,
				91F13F52209218CB00BB6AC1 /* AppDelegate.swift in Sources */,
				914FC52A209279F900F8199B /* Game.swift in Sources */,
				917AF5172093CCF800505618 /* QuestionView.swift in Sources */,
				914FC52C20927B5B00F8199B /* QestionManager.swift in Sources */,
			);
			runOnlyForDeploymentPostprocessing = 0;
		};
/* End PBXSourcesBuildPhase section */

/* Begin PBXVariantGroup section */
		91F13F55209218CB00BB6AC1 /* Main.storyboard */ = {
			isa = PBXVariantGroup;
			children = (
				91F13F56209218CB00BB6AC1 /* Base */,
			);
			name = Main.storyboard;
			sourceTree = "<group>";
		};
		91F13F5A209218CB00BB6AC1 /* LaunchScreen.storyboard */ = {
			isa = PBXVariantGroup;
			children = (
				91F13F5B209218CB00BB6AC1 /* Base */,
			);
			name = LaunchScreen.storyboard;
			sourceTree = "<group>";
		};
/* End PBXVariantGroup section */

/* Begin XCBuildConfiguration section */
		91F13F5E209218CB00BB6AC1 /* Debug */ = {
			isa = XCBuildConfiguration;
			buildSettings = {
				ALWAYS_SEARCH_USER_PATHS = NO;
				CLANG_ANALYZER_NONNULL = YES;
				CLANG_ANALYZER_NUMBER_OBJECT_CONVERSION = YES_AGGRESSIVE;
				CLANG_CXX_LANGUAGE_STANDARD = "gnu++14";
				CLANG_CXX_LIBRARY = "libc++";
				CLANG_ENABLE_MODULES = YES;
				CLANG_ENABLE_OBJC_ARC = YES;
				CLANG_ENABLE_OBJC_WEAK = YES;
				CLANG_WARN_BLOCK_CAPTURE_AUTORELEASING = YES;
				CLANG_WARN_BOOL_CONVERSION = YES;
				CLANG_WARN_COMMA = YES;
				CLANG_WARN_CONSTANT_CONVERSION = YES;
				CLANG_WARN_DEPRECATED_OBJC_IMPLEMENTATIONS = YES;
				CLANG_WARN_DIRECT_OBJC_ISA_USAGE = YES_ERROR;
				CLANG_WARN_DOCUMENTATION_COMMENTS = YES;
				CLANG_WARN_EMPTY_BODY = YES;
				CLANG_WARN_ENUM_CONVERSION = YES;
				CLANG_WARN_INFINITE_RECURSION = YES;
				CLANG_WARN_INT_CONVERSION = YES;
				CLANG_WARN_NON_LITERAL_NULL_CONVERSION = YES;
				CLANG_WARN_OBJC_IMPLICIT_RETAIN_SELF = YES;
				CLANG_WARN_OBJC_LITERAL_CONVERSION = YES;
				CLANG_WARN_OBJC_ROOT_CLASS = YES_ERROR;
				CLANG_WARN_RANGE_LOOP_ANALYSIS = YES;
				CLANG_WARN_STRICT_PROTOTYPES = YES;
				CLANG_WARN_SUSPICIOUS_MOVE = YES;
				CLANG_WARN_UNGUARDED_AVAILABILITY = YES_AGGRESSIVE;
				CLANG_WARN_UNREACHABLE_CODE = YES;
				CLANG_WARN__DUPLICATE_METHOD_MATCH = YES;
				CODE_SIGN_IDENTITY = "iPhone Developer";
				COPY_PHASE_STRIP = NO;
				DEBUG_INFORMATION_FORMAT = dwarf;
				ENABLE_STRICT_OBJC_MSGSEND = YES;
				ENABLE_TESTABILITY = YES;
				GCC_C_LANGUAGE_STANDARD = gnu11;
				GCC_DYNAMIC_NO_PIC = NO;
				GCC_NO_COMMON_BLOCKS = YES;
				GCC_OPTIMIZATION_LEVEL = 0;
				GCC_PREPROCESSOR_DEFINITIONS = (
					"DEBUG=1",
					"$(inherited)",
				);
				GCC_WARN_64_TO_32_BIT_CONVERSION = YES;
				GCC_WARN_ABOUT_RETURN_TYPE = YES_ERROR;
				GCC_WARN_UNDECLARED_SELECTOR = YES;
				GCC_WARN_UNINITIALIZED_AUTOS = YES_AGGRESSIVE;
				GCC_WARN_UNUSED_FUNCTION = YES;
				GCC_WARN_UNUSED_VARIABLE = YES;
				IPHONEOS_DEPLOYMENT_TARGET = 11.3;
				MTL_ENABLE_DEBUG_INFO = YES;
				ONLY_ACTIVE_ARCH = YES;
				SDKROOT = iphoneos;
				SWIFT_ACTIVE_COMPILATION_CONDITIONS = DEBUG;
				SWIFT_OPTIMIZATION_LEVEL = "-Onone";
			};
			name = Debug;
		};
		91F13F5F209218CB00BB6AC1 /* Release */ = {
			isa = XCBuildConfiguration;
			buildSettings = {
				ALWAYS_SEARCH_USER_PATHS = NO;
				CLANG_ANALYZER_NONNULL = YES;
				CLANG_ANALYZER_NUMBER_OBJECT_CONVERSION = YES_AGGRESSIVE;
				CLANG_CXX_LANGUAGE_STANDARD = "gnu++14";
				CLANG_CXX_LIBRARY = "libc++";
				CLANG_ENABLE_MODULES = YES;
				CLANG_ENABLE_OBJC_ARC = YES;
				CLANG_ENABLE_OBJC_WEAK = YES;
				CLANG_WARN_BLOCK_CAPTURE_AUTORELEASING = YES;
				CLANG_WARN_BOOL_CONVERSION = YES;
				CLANG_WARN_COMMA = YES;
				CLANG_WARN_CONSTANT_CONVERSION = YES;
				CLANG_WARN_DEPRECATED_OBJC_IMPLEMENTATIONS = YES;
				CLANG_WARN_DIRECT_OBJC_ISA_USAGE = YES_ERROR;
				CLANG_WARN_DOCUMENTATION_COMMENTS = YES;
				CLANG_WARN_EMPTY_BODY = YES;
				CLANG_WARN_ENUM_CONVERSION = YES;
				CLANG_WARN_INFINITE_RECURSION = YES;
				CLANG_WARN_INT_CONVERSION = YES;
				CLANG_WARN_NON_LITERAL_NULL_CONVERSION = YES;
				CLANG_WARN_OBJC_IMPLICIT_RETAIN_SELF = YES;
				CLANG_WARN_OBJC_LITERAL_CONVERSION = YES;
				CLANG_WARN_OBJC_ROOT_CLASS = YES_ERROR;
				CLANG_WARN_RANGE_LOOP_ANALYSIS = YES;
				CLANG_WARN_STRICT_PROTOTYPES = YES;
				CLANG_WARN_SUSPICIOUS_MOVE = YES;
				CLANG_WARN_UNGUARDED_AVAILABILITY = YES_AGGRESSIVE;
				CLANG_WARN_UNREACHABLE_CODE = YES;
				CLANG_WARN__DUPLICATE_METHOD_MATCH = YES;
				CODE_SIGN_IDENTITY = "iPhone Developer";
				COPY_PHASE_STRIP = NO;
				DEBUG_INFORMATION_FORMAT = "dwarf-with-dsym";
				ENABLE_NS_ASSERTIONS = NO;
				ENABLE_STRICT_OBJC_MSGSEND = YES;
				GCC_C_LANGUAGE_STANDARD = gnu11;
				GCC_NO_COMMON_BLOCKS = YES;
				GCC_WARN_64_TO_32_BIT_CONVERSION = YES;
				GCC_WARN_ABOUT_RETURN_TYPE = YES_ERROR;
				GCC_WARN_UNDECLARED_SELECTOR = YES;
				GCC_WARN_UNINITIALIZED_AUTOS = YES_AGGRESSIVE;
				GCC_WARN_UNUSED_FUNCTION = YES;
				GCC_WARN_UNUSED_VARIABLE = YES;
				IPHONEOS_DEPLOYMENT_TARGET = 11.3;
				MTL_ENABLE_DEBUG_INFO = NO;
				SDKROOT = iphoneos;
				SWIFT_COMPILATION_MODE = wholemodule;
				SWIFT_OPTIMIZATION_LEVEL = "-O";
				VALIDATE_PRODUCT = YES;
			};
			name = Release;
		};
		91F13F61209218CB00BB6AC1 /* Debug */ = {
			isa = XCBuildConfiguration;
			buildSettings = {
				ASSETCATALOG_COMPILER_APPICON_NAME = AppIcon;
				CODE_SIGN_STYLE = Automatic;
				DEVELOPMENT_TEAM = YVZ7AP3XNX;
				INFOPLIST_FILE = QuizzMvc/Info.plist;
				LD_RUNPATH_SEARCH_PATHS = (
					"$(inherited)",
					"@executable_path/Frameworks",
				);
				PRODUCT_BUNDLE_IDENTIFIER = fr.rabiiBenaata.QuizzMvc;
				PRODUCT_NAME = "$(TARGET_NAME)";
				SWIFT_VERSION = 4.0;
				TARGETED_DEVICE_FAMILY = "1,2";
			};
			name = Debug;
		};
		91F13F62209218CB00BB6AC1 /* Release */ = {
			isa = XCBuildConfiguration;
			buildSettings = {
				ASSETCATALOG_COMPILER_APPICON_NAME = AppIcon;
				CODE_SIGN_STYLE = Automatic;
				DEVELOPMENT_TEAM = YVZ7AP3XNX;
				INFOPLIST_FILE = QuizzMvc/Info.plist;
				LD_RUNPATH_SEARCH_PATHS = (
					"$(inherited)",
					"@executable_path/Frameworks",
				);
				PRODUCT_BUNDLE_IDENTIFIER = fr.rabiiBenaata.QuizzMvc;
				PRODUCT_NAME = "$(TARGET_NAME)";
				SWIFT_VERSION = 4.0;
				TARGETED_DEVICE_FAMILY = "1,2";
			};
			name = Release;
		};
/* End XCBuildConfiguration section */

/* Begin XCConfigurationList section */
		91F13F49209218CB00BB6AC1 /* Build configuration list for PBXProject "QuizzMvc" */ = {
			isa = XCConfigurationList;
			buildConfigurations = (
				91F13F5E209218CB00BB6AC1 /* Debug */,
				91F13F5F209218CB00BB6AC1 /* Release */,
			);
			defaultConfigurationIsVisible = 0;
			defaultConfigurationName = Release;
		};
		91F13F60209218CB00BB6AC1 /* Build configuration list for PBXNativeTarget "QuizzMvc" */ = {
			isa = XCConfigurationList;
			buildConfigurations = (
				91F13F61209218CB00BB6AC1 /* Debug */,
				91F13F62209218CB00BB6AC1 /* Release */,
			);
			defaultConfigurationIsVisible = 0;
			defaultConfigurationName = Release;
		};
/* End XCConfigurationList section */
	};
	rootObject = 91F13F46209218CB00BB6AC1 /* Project object */;
}
